
Microsoft Visual Studio Solution File, Format Version 12.00
# Visual Studio Version 16
VisualStudioVersion = 16.0.33927.289
MinimumVisualStudioVersion = 10.0.40219.1
Project("{2150E333-8FDC-42A3-9474-1A3956D46DE8}") = "Task0", "Task0", "{19A5C4FD-D0DE-4ED1-A79C-FD5D92C3C4B3}"
EndProject
Project("{FAE04EC0-301F-11D3-BF4B-00C04F79EFBC}") = "Tyuiu.BrovinaYV.Sprint1.V28", "Tyuiu.BrovinaYV.Sprint1.V0\Tyuiu.BrovinaYV.Sprint1.V28.csproj", "{F5B6E749-271F-4831-B5D6-EA947D0A5E27}"
EndProject
Project("{FAE04EC0-301F-11D3-BF4B-00C04F79EFBC}") = "Tyuiu.BrovinaYV.Sprint1.V28.Test", "Tyuiu.BrovinaYV.Sprint1.Test\Tyuiu.BrovinaYV.Sprint1.V28.Test.csproj", "{4F6A7334-5091-47C6-87D5-AD4BB835E0FB}"
EndProject
Project("{FAE04EC0-301F-11D3-BF4B-00C04F79EFBC}") = "Tyuiu.BrovinaYV.Sprint1.V28.Lib", "Tyuiu.BrovinaYV.Sprint1.Lib\Tyuiu.BrovinaYV.Sprint1.V28.Lib.csproj", "{6FB156A8-2773-4A37-81E2-038C9F81DB9F}"
EndProject
Project("{2150E333-8FDC-42A3-9474-1A3956D46DE8}") = "Task1", "Task1", "{BF860FFC-18C5-4183-A95A-6C15B018A985}"
EndProject
Project("{FAE04EC0-301F-11D3-BF4B-00C04F79EFBC}") = "Tyuiu.BrovinaYV.Sprint1.Task1.V2", "Tyuiu.BrovinaYV.Sprint1.Task1.V2\Tyuiu.BrovinaYV.Sprint1.Task1.V2.csproj", "{1B5CB5A6-30B2-4541-9052-A0BAEAA43447}"
EndProject
Project("{FAE04EC0-301F-11D3-BF4B-00C04F79EFBC}") = "Tyuiu.BrovinaYV.Sprint1.Task1.V2.Lib", "Tyuiu.BrovinaYV.Sprint1.Task1.V2.Lib\Tyuiu.BrovinaYV.Sprint1.Task1.V2.Lib.csproj", "{C2FB3495-C75B-4AD8-85C1-F07B32611D16}"
EndProject
Project("{FAE04EC0-301F-11D3-BF4B-00C04F79EFBC}") = "Tyuiu.BrovinaYV.Sprint1.Task1.V2.Test", "Tyuiu.BrovinaYV.Sprint1.Task1.V2.Test\Tyuiu.BrovinaYV.Sprint1.Task1.V2.Test.csproj", "{8D810701-1D01-4AD5-A49F-22FADE57D1B4}"
EndProject
Global
	GlobalSection(SolutionConfigurationPlatforms) = preSolution
		Debug|Any CPU = Debug|Any CPU
		Release|Any CPU = Release|Any CPU
	EndGlobalSection
	GlobalSection(ProjectConfigurationPlatforms) = postSolution
		{F5B6E749-271F-4831-B5D6-EA947D0A5E27}.Debug|Any CPU.ActiveCfg = Debug|Any CPU
		{F5B6E749-271F-4831-B5D6-EA947D0A5E27}.Debug|Any CPU.Build.0 = Debug|Any CPU
		{F5B6E749-271F-4831-B5D6-EA947D0A5E27}.Release|Any CPU.ActiveCfg = Release|Any CPU
		{F5B6E749-271F-4831-B5D6-EA947D0A5E27}.Release|Any CPU.Build.0 = Release|Any CPU
		{4F6A7334-5091-47C6-87D5-AD4BB835E0FB}.Debug|Any CPU.ActiveCfg = Debug|Any CPU
		{4F6A7334-5091-47C6-87D5-AD4BB835E0FB}.Debug|Any CPU.Build.0 = Debug|Any CPU
		{4F6A7334-5091-47C6-87D5-AD4BB835E0FB}.Release|Any CPU.ActiveCfg = Release|Any CPU
		{4F6A7334-5091-47C6-87D5-AD4BB835E0FB}.Release|Any CPU.Build.0 = Release|Any CPU
		{6FB156A8-2773-4A37-81E2-038C9F81DB9F}.Debug|Any CPU.ActiveCfg = Debug|Any CPU
		{6FB156A8-2773-4A37-81E2-038C9F81DB9F}.Debug|Any CPU.Build.0 = Debug|Any CPU
		{6FB156A8-2773-4A37-81E2-038C9F81DB9F}.Release|Any CPU.ActiveCfg = Release|Any CPU
		{6FB156A8-2773-4A37-81E2-038C9F81DB9F}.Release|Any CPU.Build.0 = Release|Any CPU
		{1B5CB5A6-30B2-4541-9052-A0BAEAA43447}.Debug|Any CPU.ActiveCfg = Debug|Any CPU
		{1B5CB5A6-30B2-4541-9052-A0BAEAA43447}.Debug|Any CPU.Build.0 = Debug|Any CPU
		{1B5CB5A6-30B2-4541-9052-A0BAEAA43447}.Release|Any CPU.ActiveCfg = Release|Any CPU
		{1B5CB5A6-30B2-4541-9052-A0BAEAA43447}.Release|Any CPU.Build.0 = Release|Any CPU
		{C2FB3495-C75B-4AD8-85C1-F07B32611D16}.Debug|Any CPU.ActiveCfg = Debug|Any CPU
		{C2FB3495-C75B-4AD8-85C1-F07B32611D16}.Debug|Any CPU.Build.0 = Debug|Any CPU
		{C2FB3495-C75B-4AD8-85C1-F07B32611D16}.Release|Any CPU.ActiveCfg = Release|Any CPU
		{C2FB3495-C75B-4AD8-85C1-F07B32611D16}.Release|Any CPU.Build.0 = Release|Any CPU
		{8D810701-1D01-4AD5-A49F-22FADE57D1B4}.Debug|Any CPU.ActiveCfg = Debug|Any CPU
		{8D810701-1D01-4AD5-A49F-22FADE57D1B4}.Debug|Any CPU.Build.0 = Debug|Any CPU
		{8D810701-1D01-4AD5-A49F-22FADE57D1B4}.Release|Any CPU.ActiveCfg = Release|Any CPU
		{8D810701-1D01-4AD5-A49F-22FADE57D1B4}.Release|Any CPU.Build.0 = Release|Any CPU
	EndGlobalSection
	GlobalSection(SolutionProperties) = preSolution
		HideSolutionNode = FALSE
	EndGlobalSection
	GlobalSection(NestedProjects) = preSolution
		{F5B6E749-271F-4831-B5D6-EA947D0A5E27} = {19A5C4FD-D0DE-4ED1-A79C-FD5D92C3C4B3}
		{4F6A7334-5091-47C6-87D5-AD4BB835E0FB} = {19A5C4FD-D0DE-4ED1-A79C-FD5D92C3C4B3}
		{6FB156A8-2773-4A37-81E2-038C9F81DB9F} = {19A5C4FD-D0DE-4ED1-A79C-FD5D92C3C4B3}
		{1B5CB5A6-30B2-4541-9052-A0BAEAA43447} = {BF860FFC-18C5-4183-A95A-6C15B018A985}
		{C2FB3495-C75B-4AD8-85C1-F07B32611D16} = {BF860FFC-18C5-4183-A95A-6C15B018A985}
		{8D810701-1D01-4AD5-A49F-22FADE57D1B4} = {BF860FFC-18C5-4183-A95A-6C15B018A985}
	EndGlobalSection
	GlobalSection(ExtensibilityGlobals) = postSolution
		SolutionGuid = {12ABE782-8CFB-4E83-BBEF-38325BCEE03F}
	EndGlobalSection
EndGlobal
