
Microsoft Visual Studio Solution File, Format Version 12.00
# Visual Studio Version 16
VisualStudioVersion = 16.0.33927.289
MinimumVisualStudioVersion = 10.0.40219.1
Project("{2150E333-8FDC-42A3-9474-1A3956D46DE8}") = "Task0", "Task0", "{19A5C4FD-D0DE-4ED1-A79C-FD5D92C3C4B3}"
EndProject
Project("{FAE04EC0-301F-11D3-BF4B-00C04F79EFBC}") = "Tyuiu.BrovinaYV.Sprint1.Task0.V28", "Tyuiu.BrovinaYV.Sprint1.V0\Tyuiu.BrovinaYV.Sprint1.Task0.V28.csproj", "{F5B6E749-271F-4831-B5D6-EA947D0A5E27}"
EndProject
Project("{FAE04EC0-301F-11D3-BF4B-00C04F79EFBC}") = "Tyuiu.BrovinaYV.Sprint1.Task0.V28.Test", "Tyuiu.BrovinaYV.Sprint1.Test\Tyuiu.BrovinaYV.Sprint1.Task0.V28.Test.csproj", "{4F6A7334-5091-47C6-87D5-AD4BB835E0FB}"
EndProject
Project("{FAE04EC0-301F-11D3-BF4B-00C04F79EFBC}") = "Tyuiu.BrovinaYV.Sprint1.Task0.V28.Lib", "Tyuiu.BrovinaYV.Sprint1.Lib\Tyuiu.BrovinaYV.Sprint1.Task0.V28.Lib.csproj", "{6FB156A8-2773-4A37-81E2-038C9F81DB9F}"
EndProject
Project("{2150E333-8FDC-42A3-9474-1A3956D46DE8}") = "Task1", "Task1", "{BF860FFC-18C5-4183-A95A-6C15B018A985}"
EndProject
Project("{FAE04EC0-301F-11D3-BF4B-00C04F79EFBC}") = "Tyuiu.BrovinaYV.Sprint1.Task1.V2", "Tyuiu.BrovinaYV.Sprint1.Task1.V2\Tyuiu.BrovinaYV.Sprint1.Task1.V2.csproj", "{1B5CB5A6-30B2-4541-9052-A0BAEAA43447}"
EndProject
Project("{FAE04EC0-301F-11D3-BF4B-00C04F79EFBC}") = "Tyuiu.BrovinaYV.Sprint1.Task1.V2.Lib", "Tyuiu.BrovinaYV.Sprint1.Task1.V2.Lib\Tyuiu.BrovinaYV.Sprint1.Task1.V2.Lib.csproj", "{C2FB3495-C75B-4AD8-85C1-F07B32611D16}"
EndProject
Project("{FAE04EC0-301F-11D3-BF4B-00C04F79EFBC}") = "Tyuiu.BrovinaYV.Sprint1.Task1.V2.Test", "Tyuiu.BrovinaYV.Sprint1.Task1.V2.Test\Tyuiu.BrovinaYV.Sprint1.Task1.V2.Test.csproj", "{8D810701-1D01-4AD5-A49F-22FADE57D1B4}"
EndProject
Project("{2150E333-8FDC-42A3-9474-1A3956D46DE8}") = "Task2", "Task2", "{BFCCCA58-9EF5-4200-87D6-541C77580A61}"
EndProject
Project("{FAE04EC0-301F-11D3-BF4B-00C04F79EFBC}") = "Tyuiu.BrovinaYV.Sprint1.Task2.V18", "Tyuiu.BrovinaYV.Sprint1.Task2.V18\Tyuiu.BrovinaYV.Sprint1.Task2.V18.csproj", "{A7540245-5DB7-4241-B205-48C77EA17863}"
EndProject
Project("{FAE04EC0-301F-11D3-BF4B-00C04F79EFBC}") = "Tyuiu.BrovinaYV.Sprint1.Task2.V18.Lib", "Tyuiu.BrovinaYV.Sprint1.Task2.V18.Lib\Tyuiu.BrovinaYV.Sprint1.Task2.V18.Lib.csproj", "{589B06B9-4FCD-474E-81F5-7D35701CA113}"
EndProject
Project("{FAE04EC0-301F-11D3-BF4B-00C04F79EFBC}") = "Tyuiu.BrovinaYV.Sprint1.Task2.V18.Test", "Tyuiu.BrovinaYV.Sprint1.Task2.V18.Test\Tyuiu.BrovinaYV.Sprint1.Task2.V18.Test.csproj", "{58441334-B406-4337-8A0A-FA38251B7A25}"
EndProject
Project("{2150E333-8FDC-42A3-9474-1A3956D46DE8}") = "Task3", "Task3", "{B50C54FA-1FA4-4E9E-830B-6FFE2BF21D77}"
EndProject
Project("{FAE04EC0-301F-11D3-BF4B-00C04F79EFBC}") = "Tyuiu.BrovinaYV.Sprint1.Task3.V10", "Tyuiu.BrovinaYV.Sprint1.Task3.V10\Tyuiu.BrovinaYV.Sprint1.Task3.V10.csproj", "{57C5675F-47F5-485F-A08A-0C42DD593DBC}"
EndProject
Project("{FAE04EC0-301F-11D3-BF4B-00C04F79EFBC}") = "Tyuiu.BrovinaYV.Sprint1.Task3.V10.Test", "Tyuiu.BrovinaYV.Sprint1.Task3.V10.Test\Tyuiu.BrovinaYV.Sprint1.Task3.V10.Test.csproj", "{4C6CD1E6-14B5-43B9-A6F5-0280B5036145}"
EndProject
Project("{FAE04EC0-301F-11D3-BF4B-00C04F79EFBC}") = "Tyuiu.BrovinaYV.Sprint1.Task3.V10.Lib", "Tyuiu.BrovinaYV.Sprint1.Task3.V10.Lib\Tyuiu.BrovinaYV.Sprint1.Task3.V10.Lib.csproj", "{EFB4ADE2-3DC2-483E-9003-492006280766}"
EndProject
Project("{2150E333-8FDC-42A3-9474-1A3956D46DE8}") = "Task4", "Task4", "{26122938-DF3D-4BF8-A009-A88EAFA04B0A}"
EndProject
Project("{FAE04EC0-301F-11D3-BF4B-00C04F79EFBC}") = "Tyuiu.BrovinaYV.Sprint1.Task4.V24", "Tyuiu.BrovinaYV.Sprint1.Task4.V24\Tyuiu.BrovinaYV.Sprint1.Task4.V24.csproj", "{42081763-8AED-4942-89BD-EBE88D712EF0}"
EndProject
Project("{FAE04EC0-301F-11D3-BF4B-00C04F79EFBC}") = "Tyuiu.BrovinaYV.Sprint1.Task4.V24.Lib", "Tyuiu.BrovinaYV.Sprint1.Task4.V24.Lib\Tyuiu.BrovinaYV.Sprint1.Task4.V24.Lib.csproj", "{5D50DFC0-9A4C-4578-AB14-B393C2AA9B17}"
EndProject
Project("{FAE04EC0-301F-11D3-BF4B-00C04F79EFBC}") = "Tyuiu.BrovinaYV.Sprint1.Task4.V24.Test", "Tyuiu.BrovinaYV.Sprint1.Task4.V24.Test\Tyuiu.BrovinaYV.Sprint1.Task4.V24.Test.csproj", "{F11CEA90-76F5-4D47-B3EE-679514650315}"
EndProject
Global
	GlobalSection(SolutionConfigurationPlatforms) = preSolution
		Debug|Any CPU = Debug|Any CPU
		Release|Any CPU = Release|Any CPU
	EndGlobalSection
	GlobalSection(ProjectConfigurationPlatforms) = postSolution
		{F5B6E749-271F-4831-B5D6-EA947D0A5E27}.Debug|Any CPU.ActiveCfg = Debug|Any CPU
		{F5B6E749-271F-4831-B5D6-EA947D0A5E27}.Debug|Any CPU.Build.0 = Debug|Any CPU
		{F5B6E749-271F-4831-B5D6-EA947D0A5E27}.Release|Any CPU.ActiveCfg = Release|Any CPU
		{F5B6E749-271F-4831-B5D6-EA947D0A5E27}.Release|Any CPU.Build.0 = Release|Any CPU
		{4F6A7334-5091-47C6-87D5-AD4BB835E0FB}.Debug|Any CPU.ActiveCfg = Debug|Any CPU
		{4F6A7334-5091-47C6-87D5-AD4BB835E0FB}.Debug|Any CPU.Build.0 = Debug|Any CPU
		{4F6A7334-5091-47C6-87D5-AD4BB835E0FB}.Release|Any CPU.ActiveCfg = Release|Any CPU
		{4F6A7334-5091-47C6-87D5-AD4BB835E0FB}.Release|Any CPU.Build.0 = Release|Any CPU
		{6FB156A8-2773-4A37-81E2-038C9F81DB9F}.Debug|Any CPU.ActiveCfg = Debug|Any CPU
		{6FB156A8-2773-4A37-81E2-038C9F81DB9F}.Debug|Any CPU.Build.0 = Debug|Any CPU
		{6FB156A8-2773-4A37-81E2-038C9F81DB9F}.Release|Any CPU.ActiveCfg = Release|Any CPU
		{6FB156A8-2773-4A37-81E2-038C9F81DB9F}.Release|Any CPU.Build.0 = Release|Any CPU
		{1B5CB5A6-30B2-4541-9052-A0BAEAA43447}.Debug|Any CPU.ActiveCfg = Debug|Any CPU
		{1B5CB5A6-30B2-4541-9052-A0BAEAA43447}.Debug|Any CPU.Build.0 = Debug|Any CPU
		{1B5CB5A6-30B2-4541-9052-A0BAEAA43447}.Release|Any CPU.ActiveCfg = Release|Any CPU
		{1B5CB5A6-30B2-4541-9052-A0BAEAA43447}.Release|Any CPU.Build.0 = Release|Any CPU
		{C2FB3495-C75B-4AD8-85C1-F07B32611D16}.Debug|Any CPU.ActiveCfg = Debug|Any CPU
		{C2FB3495-C75B-4AD8-85C1-F07B32611D16}.Debug|Any CPU.Build.0 = Debug|Any CPU
		{C2FB3495-C75B-4AD8-85C1-F07B32611D16}.Release|Any CPU.ActiveCfg = Release|Any CPU
		{C2FB3495-C75B-4AD8-85C1-F07B32611D16}.Release|Any CPU.Build.0 = Release|Any CPU
		{8D810701-1D01-4AD5-A49F-22FADE57D1B4}.Debug|Any CPU.ActiveCfg = Debug|Any CPU
		{8D810701-1D01-4AD5-A49F-22FADE57D1B4}.Debug|Any CPU.Build.0 = Debug|Any CPU
		{8D810701-1D01-4AD5-A49F-22FADE57D1B4}.Release|Any CPU.ActiveCfg = Release|Any CPU
		{8D810701-1D01-4AD5-A49F-22FADE57D1B4}.Release|Any CPU.Build.0 = Release|Any CPU
		{A7540245-5DB7-4241-B205-48C77EA17863}.Debug|Any CPU.ActiveCfg = Debug|Any CPU
		{A7540245-5DB7-4241-B205-48C77EA17863}.Debug|Any CPU.Build.0 = Debug|Any CPU
		{A7540245-5DB7-4241-B205-48C77EA17863}.Release|Any CPU.ActiveCfg = Release|Any CPU
		{A7540245-5DB7-4241-B205-48C77EA17863}.Release|Any CPU.Build.0 = Release|Any CPU
		{589B06B9-4FCD-474E-81F5-7D35701CA113}.Debug|Any CPU.ActiveCfg = Debug|Any CPU
		{589B06B9-4FCD-474E-81F5-7D35701CA113}.Debug|Any CPU.Build.0 = Debug|Any CPU
		{589B06B9-4FCD-474E-81F5-7D35701CA113}.Release|Any CPU.ActiveCfg = Release|Any CPU
		{589B06B9-4FCD-474E-81F5-7D35701CA113}.Release|Any CPU.Build.0 = Release|Any CPU
		{58441334-B406-4337-8A0A-FA38251B7A25}.Debug|Any CPU.ActiveCfg = Debug|Any CPU
		{58441334-B406-4337-8A0A-FA38251B7A25}.Debug|Any CPU.Build.0 = Debug|Any CPU
		{58441334-B406-4337-8A0A-FA38251B7A25}.Release|Any CPU.ActiveCfg = Release|Any CPU
		{58441334-B406-4337-8A0A-FA38251B7A25}.Release|Any CPU.Build.0 = Release|Any CPU
		{57C5675F-47F5-485F-A08A-0C42DD593DBC}.Debug|Any CPU.ActiveCfg = Debug|Any CPU
		{57C5675F-47F5-485F-A08A-0C42DD593DBC}.Debug|Any CPU.Build.0 = Debug|Any CPU
		{57C5675F-47F5-485F-A08A-0C42DD593DBC}.Release|Any CPU.ActiveCfg = Release|Any CPU
		{57C5675F-47F5-485F-A08A-0C42DD593DBC}.Release|Any CPU.Build.0 = Release|Any CPU
		{4C6CD1E6-14B5-43B9-A6F5-0280B5036145}.Debug|Any CPU.ActiveCfg = Debug|Any CPU
		{4C6CD1E6-14B5-43B9-A6F5-0280B5036145}.Debug|Any CPU.Build.0 = Debug|Any CPU
		{4C6CD1E6-14B5-43B9-A6F5-0280B5036145}.Release|Any CPU.ActiveCfg = Release|Any CPU
		{4C6CD1E6-14B5-43B9-A6F5-0280B5036145}.Release|Any CPU.Build.0 = Release|Any CPU
		{EFB4ADE2-3DC2-483E-9003-492006280766}.Debug|Any CPU.ActiveCfg = Debug|Any CPU
		{EFB4ADE2-3DC2-483E-9003-492006280766}.Debug|Any CPU.Build.0 = Debug|Any CPU
		{EFB4ADE2-3DC2-483E-9003-492006280766}.Release|Any CPU.ActiveCfg = Release|Any CPU
		{EFB4ADE2-3DC2-483E-9003-492006280766}.Release|Any CPU.Build.0 = Release|Any CPU
		{42081763-8AED-4942-89BD-EBE88D712EF0}.Debug|Any CPU.ActiveCfg = Debug|Any CPU
		{42081763-8AED-4942-89BD-EBE88D712EF0}.Debug|Any CPU.Build.0 = Debug|Any CPU
		{42081763-8AED-4942-89BD-EBE88D712EF0}.Release|Any CPU.ActiveCfg = Release|Any CPU
		{42081763-8AED-4942-89BD-EBE88D712EF0}.Release|Any CPU.Build.0 = Release|Any CPU
		{5D50DFC0-9A4C-4578-AB14-B393C2AA9B17}.Debug|Any CPU.ActiveCfg = Debug|Any CPU
		{5D50DFC0-9A4C-4578-AB14-B393C2AA9B17}.Debug|Any CPU.Build.0 = Debug|Any CPU
		{5D50DFC0-9A4C-4578-AB14-B393C2AA9B17}.Release|Any CPU.ActiveCfg = Release|Any CPU
		{5D50DFC0-9A4C-4578-AB14-B393C2AA9B17}.Release|Any CPU.Build.0 = Release|Any CPU
		{F11CEA90-76F5-4D47-B3EE-679514650315}.Debug|Any CPU.ActiveCfg = Debug|Any CPU
		{F11CEA90-76F5-4D47-B3EE-679514650315}.Debug|Any CPU.Build.0 = Debug|Any CPU
		{F11CEA90-76F5-4D47-B3EE-679514650315}.Release|Any CPU.ActiveCfg = Release|Any CPU
		{F11CEA90-76F5-4D47-B3EE-679514650315}.Release|Any CPU.Build.0 = Release|Any CPU
	EndGlobalSection
	GlobalSection(SolutionProperties) = preSolution
		HideSolutionNode = FALSE
	EndGlobalSection
	GlobalSection(NestedProjects) = preSolution
		{F5B6E749-271F-4831-B5D6-EA947D0A5E27} = {19A5C4FD-D0DE-4ED1-A79C-FD5D92C3C4B3}
		{4F6A7334-5091-47C6-87D5-AD4BB835E0FB} = {19A5C4FD-D0DE-4ED1-A79C-FD5D92C3C4B3}
		{6FB156A8-2773-4A37-81E2-038C9F81DB9F} = {19A5C4FD-D0DE-4ED1-A79C-FD5D92C3C4B3}
		{1B5CB5A6-30B2-4541-9052-A0BAEAA43447} = {BF860FFC-18C5-4183-A95A-6C15B018A985}
		{C2FB3495-C75B-4AD8-85C1-F07B32611D16} = {BF860FFC-18C5-4183-A95A-6C15B018A985}
		{8D810701-1D01-4AD5-A49F-22FADE57D1B4} = {BF860FFC-18C5-4183-A95A-6C15B018A985}
		{A7540245-5DB7-4241-B205-48C77EA17863} = {BFCCCA58-9EF5-4200-87D6-541C77580A61}
		{589B06B9-4FCD-474E-81F5-7D35701CA113} = {BFCCCA58-9EF5-4200-87D6-541C77580A61}
		{58441334-B406-4337-8A0A-FA38251B7A25} = {BFCCCA58-9EF5-4200-87D6-541C77580A61}
		{57C5675F-47F5-485F-A08A-0C42DD593DBC} = {B50C54FA-1FA4-4E9E-830B-6FFE2BF21D77}
		{4C6CD1E6-14B5-43B9-A6F5-0280B5036145} = {B50C54FA-1FA4-4E9E-830B-6FFE2BF21D77}
		{EFB4ADE2-3DC2-483E-9003-492006280766} = {B50C54FA-1FA4-4E9E-830B-6FFE2BF21D77}
		{42081763-8AED-4942-89BD-EBE88D712EF0} = {26122938-DF3D-4BF8-A009-A88EAFA04B0A}
		{5D50DFC0-9A4C-4578-AB14-B393C2AA9B17} = {26122938-DF3D-4BF8-A009-A88EAFA04B0A}
		{F11CEA90-76F5-4D47-B3EE-679514650315} = {26122938-DF3D-4BF8-A009-A88EAFA04B0A}
	EndGlobalSection
	GlobalSection(ExtensibilityGlobals) = postSolution
		SolutionGuid = {12ABE782-8CFB-4E83-BBEF-38325BCEE03F}
	EndGlobalSection
EndGlobal
